Microsoft Visual Studio Solution File, Format Version 12.00
# Visual Studio Version 17
VisualStudioVersion = 17.5.2.0
MinimumVisualStudioVersion = 10.0.40219.1
Project("{FAE04EC0-301F-11D3-BF4B-00C04F79EFBC}") = "ApiCategoriasEF", "ApiCategoriasEF.csproj", "{515B4C69-B173-0A6A-7083-8C4CAA00078F}"
EndProject
Global
	GlobalSection(SolutionConfigurationPlatforms) = preSolution
		Debug|Any CPU = Debug|Any CPU
		Release|Any CPU = Release|Any CPU
	EndGlobalSection
	GlobalSection(ProjectConfigurationPlatforms) = postSolution
		{515B4C69-B173-0A6A-7083-8C4CAA00078F}.Debug|Any CPU.ActiveCfg = Debug|Any CPU
		{515B4C69-B173-0A6A-7083-8C4CAA00078F}.Debug|Any CPU.Build.0 = Debug|Any CPU
		{515B4C69-B173-0A6A-7083-8C4CAA00078F}.Release|Any CPU.ActiveCfg = Release|Any CPU
		{515B4C69-B173-0A6A-7083-8C4CAA00078F}.Release|Any CPU.Build.0 = Release|Any CPU
	EndGlobalSection
	GlobalSection(SolutionProperties) = preSolution
		HideSolutionNode = FALSE
	EndGlobalSection
	GlobalSection(ExtensibilityGlobals) = postSolution
		SolutionGuid = {C318339D-66BB-4BBD-95DE-114C7E39631B}
	EndGlobalSection
EndGlobal
